
Microsoft Visual Studio Solution File, Format Version 12.00
# Visual Studio 15
VisualStudioVersion = 15.0.28307.1022
MinimumVisualStudioVersion = 10.0.40219.1
Project("{FAE04EC0-301F-11D3-BF4B-00C04F79EFBC}") = "PZ1", "PZ1\PZ1.csproj", "{A49FEA10-4585-4EA3-A1AA-4B9BB263DB03}"
EndProject
Global
	GlobalSection(SolutionConfigurationPlatforms) = preSolution
		Debug|Any CPU = Debug|Any CPU
		Release|Any CPU = Release|Any CPU
	EndGlobalSection
	GlobalSection(ProjectConfigurationPlatforms) = postSolution
		{A49FEA10-4585-4EA3-A1AA-4B9BB263DB03}.Debug|Any CPU.ActiveCfg = Debug|Any CPU
		{A49FEA10-4585-4EA3-A1AA-4B9BB263DB03}.Debug|Any CPU.Build.0 = Debug|Any CPU
		{A49FEA10-4585-4EA3-A1AA-4B9BB263DB03}.Release|Any CPU.ActiveCfg = Release|Any CPU
		{A49FEA10-4585-4EA3-A1AA-4B9BB263DB03}.Release|Any CPU.Build.0 = Release|Any CPU
	EndGlobalSection
	GlobalSection(SolutionProperties) = preSolution
		HideSolutionNode = FALSE
	EndGlobalSection
	GlobalSection(ExtensibilityGlobals) = postSolution
		SolutionGuid = {3CDC427F-F0CB-49BB-BC48-1FA44BA5F175}
	EndGlobalSection
EndGlobal
